{
  "name": "sanctum-optional-web",
  "version": "1.0.0",
  "lockfileVersion": 3,
  "requires": true,
  "packages": {
    "": {
      "name": "sanctum-optional-web",
      "version": "1.0.0",
      "dependencies": {
        "@openclaw/firecrawl-plugin": "2026.8.1",
        "@openclaw/parallel-plugin": "2026.8.1",
        "typebox": "1.3.16",
        "zod": "4.4.3"
      }
    },
    "node_modules/@openclaw/firecrawl-plugin": {
      "version": "2026.8.1",
      "resolved": "https://registry.npmjs.org/@openclaw/firecrawl-plugin/-/firecrawl-plugin-2026.8.1.tgz",
      "integrity": "sha512-cC6iCX8moboRt8B7Xu0wdR1yMXZmCYdjL/T1xh+B0IvYoI15G1O7sXR0P3vcRmiS4jRmAbN5MEjL57VHpjAXHA==",
      "bundleDependencies": [
        "typebox",
        "zod"
      ],
      "dependencies": {
        "typebox": "1.3.16",
        "zod": "4.4.3"
      },
      "peerDependencies": {
        "openclaw": ">=2026.8.1"
      },
      "peerDependenciesMeta": {
        "openclaw": {
          "optional": true
        }
      }
    },
    "node_modules/@openclaw/firecrawl-plugin/node_modules/typebox": {
      "version": "1.3.16",
      "inBundle": true,
      "license": "MIT"
    },
    "node_modules/@openclaw/firecrawl-plugin/node_modules/zod": {
      "version": "4.4.3",
      "inBundle": true,
      "license": "MIT",
      "funding": {
        "url": "https://github.com/sponsors/colinhacks"
      }
    },
    "node_modules/@openclaw/parallel-plugin": {
      "version": "2026.8.1",
      "resolved": "https://registry.npmjs.org/@openclaw/parallel-plugin/-/parallel-plugin-2026.8.1.tgz",
      "integrity": "sha512-Wh1Sbtf/EPDN5h82NYyx0/UU9xrzSR8ZmSMvidRY40ONLi6AJaCn9wUxE0hkByzVP3YYCfoqM36q5cbuUDvsiA==",
      "peerDependencies": {
        "openclaw": ">=2026.8.1"
      },
      "peerDependenciesMeta": {
        "openclaw": {
          "optional": true
        }
      }
    },
    "node_modules/typebox": {
      "version": "1.3.16",
      "resolved": "https://registry.npmjs.org/typebox/-/typebox-1.3.16.tgz",
      "integrity": "sha512-Jac8dgnin+g2p1w1v9sk92Wvp49ZqsmSgNhrXDK+RqrovsjiORMZvYZ8t8id9b9XQp6LMfaAwnIRSHGsM+3FMw==",
      "license": "MIT"
    },
    "node_modules/zod": {
      "version": "4.4.3",
      "resolved": "https://registry.npmjs.org/zod/-/zod-4.4.3.tgz",
      "integrity": "sha512-ytENFjIJFl2UwYglde2jchW2Hwm4GJFLDiSXWdTrJQBIN9Fcyp7n4DhxJEiWNAJMV1/BqWfW/kkg71UDcHJyTQ==",
      "license": "MIT",
      "funding": {
        "url": "https://github.com/sponsors/colinhacks"
      }
    }
  }
}
