{
  "name": "sanctum-optional-web",
  "version": "1.0.0",
  "lockfileVersion": 3,
  "requires": true,
  "packages": {
    "": {
      "name": "sanctum-optional-web",
      "version": "1.0.0",
      "dependencies": {
        "@openclaw/firecrawl-plugin": "2026.9.6",
        "@openclaw/parallel-plugin": "2026.9.6",
        "typebox": "1.3.34",
        "zod": "4.6.5"
      }
    },
    "node_modules/@openclaw/firecrawl-plugin": {
      "version": "2026.9.6",
      "resolved": "https://registry.npmjs.org/@openclaw/firecrawl-plugin/-/firecrawl-plugin-2026.9.6.tgz",
      "integrity": "sha512-bIbxKPJxQdAzbxR1ERKpk9/yMnJtuUCVwXJ8cRy/k+cRszQkBLty46Q5MDOImcjo34hv+QPhoCUqTaspCGDKow==",
      "bundleDependencies": [
        "typebox",
        "zod"
      ],
      "dependencies": {
        "typebox": "1.3.30",
        "zod": "4.6.5"
      },
      "peerDependencies": {
        "openclaw": ">=2026.9.6"
      },
      "peerDependenciesMeta": {
        "openclaw": {
          "optional": true
        }
      }
    },
    "node_modules/@openclaw/firecrawl-plugin/node_modules/typebox": {
      "version": "1.3.30",
      "inBundle": true,
      "license": "MIT"
    },
    "node_modules/@openclaw/firecrawl-plugin/node_modules/zod": {
      "version": "4.6.5",
      "inBundle": true,
      "license": "MIT",
      "funding": {
        "url": "https://github.com/sponsors/colinhacks"
      }
    },
    "node_modules/@openclaw/parallel-plugin": {
      "version": "2026.9.6",
      "resolved": "https://registry.npmjs.org/@openclaw/parallel-plugin/-/parallel-plugin-2026.9.6.tgz",
      "integrity": "sha512-IaVvKwxO8P4TfnDwfCJh+YVWI8DhaTxig+C+BBOgmLltzxuW3/tgWPGardH9cLlgM5xfszkB8+4Gzk4lW5A68g==",
      "peerDependencies": {
        "openclaw": ">=2026.9.6"
      },
      "peerDependenciesMeta": {
        "openclaw": {
          "optional": true
        }
      }
    },
    "node_modules/typebox": {
      "version": "1.3.34",
      "resolved": "https://registry.npmjs.org/typebox/-/typebox-1.3.34.tgz",
      "integrity": "sha512-wbnzrXXDW8xEFHDZZs2jo1MkhaYlKAY4FRhpBc1+2LF1fZVBGCXGdLEhA/Z/NBbgzJMFfeM8m7elKPa/+KxaUQ==",
      "license": "MIT"
    },
    "node_modules/zod": {
      "version": "4.6.5",
      "resolved": "https://registry.npmjs.org/zod/-/zod-4.6.5.tgz",
      "integrity": "sha512-v5l/aFXZQeai4awLbOpSoHecE9UiMrnfx75tEXLjNonXVARxQ5mOeipTjROUchszUNCqnE+hqAMujRsRHsut2Q==",
      "license": "MIT",
      "funding": {
        "url": "https://github.com/sponsors/colinhacks"
      }
    }
  }
}
